// !$*UTF8*$!
{
	archiveVersion = 1;
	classes = {
	};
	objectVersion = 77;
	objects = {

/* Begin PBXBuildFile section */
		C44B03232DAF057400AFF42B /* Font_Extension.swift in Sources */ = {isa = PBXBuildFile; fileRef = C44B03222DAF057400AFF42B /* Font_Extension.swift */; };
		C44B032C2DAF068100AFF42B /* LibreBodoni-MediumItalic.ttf in Resources */ = {isa = PBXBuildFile; fileRef = C44B03282DAF068100AFF42B /* LibreBodoni-MediumItalic.ttf */; };
		C44B032D2DAF068100AFF42B /* LibreBodoni-SemiBold.ttf in Resources */ = {isa = PBXBuildFile; fileRef = C44B032A2DAF068100AFF42B /* LibreBodoni-SemiBold.ttf */; };
		C44B032E2DAF068100AFF42B /* LibreBodoni-SemiBoldItalic.ttf in Resources */ = {isa = PBXBuildFile; fileRef = C44B032B2DAF068100AFF42B /* LibreBodoni-SemiBoldItalic.ttf */; };
		C44B032F2DAF068100AFF42B /* LibreBodoni-Regular.ttf in Resources */ = {isa = PBXBuildFile; fileRef = C44B03292DAF068100AFF42B /* LibreBodoni-Regular.ttf */; };
		C44B03302DAF068100AFF42B /* LibreBodoni-Italic.ttf in Resources */ = {isa = PBXBuildFile; fileRef = C44B03262DAF068100AFF42B /* LibreBodoni-Italic.ttf */; };
		C44B03312DAF068100AFF42B /* LibreBodoni-Bold.ttf in Resources */ = {isa = PBXBuildFile; fileRef = C44B03242DAF068100AFF42B /* LibreBodoni-Bold.ttf */; };
		C44B03322DAF068100AFF42B /* LibreBodoni-Medium.ttf in Resources */ = {isa = PBXBuildFile; fileRef = C44B03272DAF068100AFF42B /* LibreBodoni-Medium.ttf */; };
		C44B03332DAF068100AFF42B /* LibreBodoni-BoldItalic.ttf in Resources */ = {isa = PBXBuildFile; fileRef = C44B03252DAF068100AFF42B /* LibreBodoni-BoldItalic.ttf */; };
		C44B03342DAF097800AFF42B /* Color_Hex.swift in Sources */ = {isa = PBXBuildFile; fileRef = C44B03132DAF011200AFF42B /* Color_Hex.swift */; };
		C44B03352DAF097800AFF42B /* CoveApp.swift in Sources */ = {isa = PBXBuildFile; fileRef = C44B03162DAF011200AFF42B /* CoveApp.swift */; };
		C44B03362DAF097800AFF42B /* Login.swift in Sources */ = {isa = PBXBuildFile; fileRef = C44B03172DAF011200AFF42B /* Login.swift */; };
		C44B034D2DAF09E000AFF42B /* Assets.xcassets in Resources */ = {isa = PBXBuildFile; fileRef = C44B03152DAF011200AFF42B /* Assets.xcassets */; };
		C44B034F2DAF0C8400AFF42B /* LeagueSpartan-VariableFont_wght.ttf in Resources */ = {isa = PBXBuildFile; fileRef = C44B034E2DAF0C8400AFF42B /* LeagueSpartan-VariableFont_wght.ttf */; };
		C44B03512DAF3CEA00AFF42B /* NamePage.swift in Sources */ = {isa = PBXBuildFile; fileRef = C44B03502DAF3CEA00AFF42B /* NamePage.swift */; };
		C44B03552DAF494500AFF42B /* LibreCaslonText-Italic.ttf in Resources */ = {isa = PBXBuildFile; fileRef = C44B03532DAF494500AFF42B /* LibreCaslonText-Italic.ttf */; };
		C44B03562DAF494500AFF42B /* LibreCaslonText-Regular.ttf in Resources */ = {isa = PBXBuildFile; fileRef = C44B03542DAF494500AFF42B /* LibreCaslonText-Regular.ttf */; };
		C44B03572DAF494500AFF42B /* LibreCaslonText-Bold.ttf in Resources */ = {isa = PBXBuildFile; fileRef = C44B03522DAF494500AFF42B /* LibreCaslonText-Bold.ttf */; };
/* End PBXBuildFile section */

/* Begin PBXFileReference section */
		C44B02E62DADAFAF00AFF42B /* Cove.app */ = {isa = PBXFileReference; explicitFileType = wrapper.application; includeInIndex = 0; path = Cove.app; sourceTree = BUILT_PRODUCTS_DIR; };
		C44B03132DAF011200AFF42B /* Color_Hex.swift */ = {isa = PBXFileReference; lastKnownFileType = sourcecode.swift; path = Color_Hex.swift; sourceTree = "<group>"; };
		C44B03152DAF011200AFF42B /* Assets.xcassets */ = {isa = PBXFileReference; lastKnownFileType = folder.assetcatalog; path = Assets.xcassets; sourceTree = "<group>"; };
		C44B03162DAF011200AFF42B /* CoveApp.swift */ = {isa = PBXFileReference; lastKnownFileType = sourcecode.swift; path = CoveApp.swift; sourceTree = "<group>"; };
		C44B03172DAF011200AFF42B /* Login.swift */ = {isa = PBXFileReference; lastKnownFileType = sourcecode.swift; path = Login.swift; sourceTree = "<group>"; };
		C44B031F2DAF028F00AFF42B /* Info.plist */ = {isa = PBXFileReference; lastKnownFileType = text.plist; path = Info.plist; sourceTree = "<group>"; };
		C44B03222DAF057400AFF42B /* Font_Extension.swift */ = {isa = PBXFileReference; lastKnownFileType = sourcecode.swift; path = Font_Extension.swift; sourceTree = "<group>"; };
		C44B03242DAF068100AFF42B /* LibreBodoni-Bold.ttf */ = {isa = PBXFileReference; lastKnownFileType = file; path = "LibreBodoni-Bold.ttf"; sourceTree = "<group>"; };
		C44B03252DAF068100AFF42B /* LibreBodoni-BoldItalic.ttf */ = {isa = PBXFileReference; lastKnownFileType = file; path = "LibreBodoni-BoldItalic.ttf"; sourceTree = "<group>"; };
		C44B03262DAF068100AFF42B /* LibreBodoni-Italic.ttf */ = {isa = PBXFileReference; lastKnownFileType = file; path = "LibreBodoni-Italic.ttf"; sourceTree = "<group>"; };
		C44B03272DAF068100AFF42B /* LibreBodoni-Medium.ttf */ = {isa = PBXFileReference; lastKnownFileType = file; path = "LibreBodoni-Medium.ttf"; sourceTree = "<group>"; };
		C44B03282DAF068100AFF42B /* LibreBodoni-MediumItalic.ttf */ = {isa = PBXFileReference; lastKnownFileType = file; path = "LibreBodoni-MediumItalic.ttf"; sourceTree = "<group>"; };
		C44B03292DAF068100AFF42B /* LibreBodoni-Regular.ttf */ = {isa = PBXFileReference; lastKnownFileType = file; path = "LibreBodoni-Regular.ttf"; sourceTree = "<group>"; };
		C44B032A2DAF068100AFF42B /* LibreBodoni-SemiBold.ttf */ = {isa = PBXFileReference; lastKnownFileType = file; path = "LibreBodoni-SemiBold.ttf"; sourceTree = "<group>"; };
		C44B032B2DAF068100AFF42B /* LibreBodoni-SemiBoldItalic.ttf */ = {isa = PBXFileReference; lastKnownFileType = file; path = "LibreBodoni-SemiBoldItalic.ttf"; sourceTree = "<group>"; };
		C44B034E2DAF0C8400AFF42B /* LeagueSpartan-VariableFont_wght.ttf */ = {isa = PBXFileReference; lastKnownFileType = file; path = "LeagueSpartan-VariableFont_wght.ttf"; sourceTree = "<group>"; };
		C44B03502DAF3CEA00AFF42B /* NamePage.swift */ = {isa = PBXFileReference; lastKnownFileType = sourcecode.swift; path = NamePage.swift; sourceTree = "<group>"; };
		C44B03522DAF494500AFF42B /* LibreCaslonText-Bold.ttf */ = {isa = PBXFileReference; lastKnownFileType = file; path = "LibreCaslonText-Bold.ttf"; sourceTree = "<group>"; };
		C44B03532DAF494500AFF42B /* LibreCaslonText-Italic.ttf */ = {isa = PBXFileReference; lastKnownFileType = file; path = "LibreCaslonText-Italic.ttf"; sourceTree = "<group>"; };
		C44B03542DAF494500AFF42B /* LibreCaslonText-Regular.ttf */ = {isa = PBXFileReference; lastKnownFileType = file; path = "LibreCaslonText-Regular.ttf"; sourceTree = "<group>"; };
/* End PBXFileReference section */

/* Begin PBXFrameworksBuildPhase section */
		C44B02E32DADAFAF00AFF42B /* Frameworks */ = {
			isa = PBXFrameworksBuildPhase;
			buildActionMask = 2147483647;
			files = (
			);
			runOnlyForDeploymentPostprocessing = 0;
		};
/* End PBXFrameworksBuildPhase section */

/* Begin PBXGroup section */
		C44B02DD2DADAFAF00AFF42B = {
			isa = PBXGroup;
			children = (
				C44B03182DAF011200AFF42B /* Cove */,
				C44B02E72DADAFAF00AFF42B /* Products */,
			);
			sourceTree = "<group>";
		};
		C44B02E72DADAFAF00AFF42B /* Products */ = {
			isa = PBXGroup;
			children = (
				C44B02E62DADAFAF00AFF42B /* Cove.app */,
			);
			name = Products;
			sourceTree = "<group>";
		};
		C44B03142DAF011200AFF42B /* Util */ = {
			isa = PBXGroup;
			children = (
				C44B03132DAF011200AFF42B /* Color_Hex.swift */,
				C44B03222DAF057400AFF42B /* Font_Extension.swift */,
			);
			path = Util;
			sourceTree = "<group>";
		};
		C44B03182DAF011200AFF42B /* Cove */ = {
			isa = PBXGroup;
			children = (
				C44B031F2DAF028F00AFF42B /* Info.plist */,
				C44B031A2DAF014E00AFF42B /* Fonts */,
				C44B03142DAF011200AFF42B /* Util */,
				C44B03152DAF011200AFF42B /* Assets.xcassets */,
				C44B03162DAF011200AFF42B /* CoveApp.swift */,
				C44B03172DAF011200AFF42B /* Login.swift */,
				C44B03502DAF3CEA00AFF42B /* NamePage.swift */,
			);
			path = Cove;
			sourceTree = "<group>";
		};
		C44B031A2DAF014E00AFF42B /* Fonts */ = {
			isa = PBXGroup;
			children = (
				C44B03242DAF068100AFF42B /* LibreBodoni-Bold.ttf */,
				C44B03252DAF068100AFF42B /* LibreBodoni-BoldItalic.ttf */,
				C44B03262DAF068100AFF42B /* LibreBodoni-Italic.ttf */,
				C44B03272DAF068100AFF42B /* LibreBodoni-Medium.ttf */,
				C44B034E2DAF0C8400AFF42B /* LeagueSpartan-VariableFont_wght.ttf */,
				C44B03282DAF068100AFF42B /* LibreBodoni-MediumItalic.ttf */,
				C44B03292DAF068100AFF42B /* LibreBodoni-Regular.ttf */,
				C44B032A2DAF068100AFF42B /* LibreBodoni-SemiBold.ttf */,
				C44B032B2DAF068100AFF42B /* LibreBodoni-SemiBoldItalic.ttf */,
				C44B03522DAF494500AFF42B /* LibreCaslonText-Bold.ttf */,
				C44B03532DAF494500AFF42B /* LibreCaslonText-Italic.ttf */,
				C44B03542DAF494500AFF42B /* LibreCaslonText-Regular.ttf */,
			);
			path = Fonts;
			sourceTree = "<group>";
		};
/* End PBXGroup section */

/* Begin PBXNativeTarget section */
		C44B02E52DADAFAF00AFF42B /* Cove */ = {
			isa = PBXNativeTarget;
			buildConfigurationList = C44B02F12DADAFB100AFF42B /* Build configuration list for PBXNativeTarget "Cove" */;
			buildPhases = (
				C44B02E22DADAFAF00AFF42B /* Sources */,
				C44B02E32DADAFAF00AFF42B /* Frameworks */,
				C44B02E42DADAFAF00AFF42B /* Resources */,
			);
			buildRules = (
			);
			dependencies = (
			);
			name = Cove;
			packageProductDependencies = (
			);
			productName = Cove;
			productReference = C44B02E62DADAFAF00AFF42B /* Cove.app */;
			productType = "com.apple.product-type.application";
		};
/* End PBXNativeTarget section */

/* Begin PBXProject section */
		C44B02DE2DADAFAF00AFF42B /* Project object */ = {
			isa = PBXProject;
			attributes = {
				BuildIndependentTargetsInParallel = 1;
				LastSwiftUpdateCheck = 1630;
				LastUpgradeCheck = 1630;
				TargetAttributes = {
					C44B02E52DADAFAF00AFF42B = {
						CreatedOnToolsVersion = 16.3;
						LastSwiftMigration = 1630;
					};
				};
			};
			buildConfigurationList = C44B02E12DADAFAF00AFF42B /* Build configuration list for PBXProject "Cove" */;
			developmentRegion = en;
			hasScannedForEncodings = 0;
			knownRegions = (
				en,
				Base,
			);
			mainGroup = C44B02DD2DADAFAF00AFF42B;
			minimizedProjectReferenceProxies = 1;
			preferredProjectObjectVersion = 77;
			productRefGroup = C44B02E72DADAFAF00AFF42B /* Products */;
			projectDirPath = "";
			projectRoot = "";
			targets = (
				C44B02E52DADAFAF00AFF42B /* Cove */,
			);
		};
/* End PBXProject section */

/* Begin PBXResourcesBuildPhase section */
		C44B02E42DADAFAF00AFF42B /* Resources */ = {
			isa = PBXResourcesBuildPhase;
			buildActionMask = 2147483647;
			files = (
				C44B03552DAF494500AFF42B /* LibreCaslonText-Italic.ttf in Resources */,
				C44B03562DAF494500AFF42B /* LibreCaslonText-Regular.ttf in Resources */,
				C44B03572DAF494500AFF42B /* LibreCaslonText-Bold.ttf in Resources */,
				C44B034D2DAF09E000AFF42B /* Assets.xcassets in Resources */,
				C44B032C2DAF068100AFF42B /* LibreBodoni-MediumItalic.ttf in Resources */,
				C44B032D2DAF068100AFF42B /* LibreBodoni-SemiBold.ttf in Resources */,
				C44B032E2DAF068100AFF42B /* LibreBodoni-SemiBoldItalic.ttf in Resources */,
				C44B032F2DAF068100AFF42B /* LibreBodoni-Regular.ttf in Resources */,
				C44B03302DAF068100AFF42B /* LibreBodoni-Italic.ttf in Resources */,
				C44B034F2DAF0C8400AFF42B /* LeagueSpartan-VariableFont_wght.ttf in Resources */,
				C44B03312DAF068100AFF42B /* LibreBodoni-Bold.ttf in Resources */,
				C44B03322DAF068100AFF42B /* LibreBodoni-Medium.ttf in Resources */,
				C44B03332DAF068100AFF42B /* LibreBodoni-BoldItalic.ttf in Resources */,
			);
			runOnlyForDeploymentPostprocessing = 0;
		};
/* End PBXResourcesBuildPhase section */

/* Begin PBXSourcesBuildPhase section */
		C44B02E22DADAFAF00AFF42B /* Sources */ = {
			isa = PBXSourcesBuildPhase;
			buildActionMask = 2147483647;
			files = (
				C44B03342DAF097800AFF42B /* Color_Hex.swift in Sources */,
				C44B03352DAF097800AFF42B /* CoveApp.swift in Sources */,
				C44B03362DAF097800AFF42B /* Login.swift in Sources */,
				C44B03232DAF057400AFF42B /* Font_Extension.swift in Sources */,
				C44B03512DAF3CEA00AFF42B /* NamePage.swift in Sources */,
			);
			runOnlyForDeploymentPostprocessing = 0;
		};
/* End PBXSourcesBuildPhase section */

/* Begin XCBuildConfiguration section */
		C44B02EF2DADAFB100AFF42B /* Debug */ = {
			isa = XCBuildConfiguration;
			buildSettings = {
				ALWAYS_SEARCH_USER_PATHS = NO;
				ASSETCATALOG_COMPILER_GENERATE_SWIFT_ASSET_SYMBOL_EXTENSIONS = YES;
				CLANG_ANALYZER_NONNULL = YES;
				CLANG_ANALYZER_NUMBER_OBJECT_CONVERSION = YES_AGGRESSIVE;
				CLANG_CXX_LANGUAGE_STANDARD = "gnu++20";
				CLANG_ENABLE_MODULES = YES;
				CLANG_ENABLE_OBJC_ARC = YES;
				CLANG_ENABLE_OBJC_WEAK = YES;
				CLANG_WARN_BLOCK_CAPTURE_AUTORELEASING = YES;
				CLANG_WARN_BOOL_CONVERSION = YES;
				CLANG_WARN_COMMA = YES;
				CLANG_WARN_CONSTANT_CONVERSION = YES;
				CLANG_WARN_DEPRECATED_OBJC_IMPLEMENTATIONS = YES;
				CLANG_WARN_DIRECT_OBJC_ISA_USAGE = YES_ERROR;
				CLANG_WARN_DOCUMENTATION_COMMENTS = YES;
				CLANG_WARN_EMPTY_BODY = YES;
				CLANG_WARN_ENUM_CONVERSION = YES;
				CLANG_WARN_INFINITE_RECURSION = YES;
				CLANG_WARN_INT_CONVERSION = YES;
				CLANG_WARN_NON_LITERAL_NULL_CONVERSION = YES;
				CLANG_WARN_OBJC_IMPLICIT_RETAIN_SELF = YES;
				CLANG_WARN_OBJC_LITERAL_CONVERSION = YES;
				CLANG_WARN_OBJC_ROOT_CLASS = YES_ERROR;
				CLANG_WARN_QUOTED_INCLUDE_IN_FRAMEWORK_HEADER = YES;
				CLANG_WARN_RANGE_LOOP_ANALYSIS = YES;
				CLANG_WARN_STRICT_PROTOTYPES = YES;
				CLANG_WARN_SUSPICIOUS_MOVE = YES;
				CLANG_WARN_UNGUARDED_AVAILABILITY = YES_AGGRESSIVE;
				CLANG_WARN_UNREACHABLE_CODE = YES;
				CLANG_WARN__DUPLICATE_METHOD_MATCH = YES;
				COPY_PHASE_STRIP = NO;
				DEBUG_INFORMATION_FORMAT = dwarf;
				DEVELOPMENT_TEAM = 9L4RA2CN39;
				ENABLE_STRICT_OBJC_MSGSEND = YES;
				ENABLE_TESTABILITY = YES;
				ENABLE_USER_SCRIPT_SANDBOXING = YES;
				GCC_C_LANGUAGE_STANDARD = gnu17;
				GCC_DYNAMIC_NO_PIC = NO;
				GCC_NO_COMMON_BLOCKS = YES;
				GCC_OPTIMIZATION_LEVEL = 0;
				GCC_PREPROCESSOR_DEFINITIONS = (
					"DEBUG=1",
					"$(inherited)",
				);
				GCC_WARN_64_TO_32_BIT_CONVERSION = YES;
				GCC_WARN_ABOUT_RETURN_TYPE = YES_ERROR;
				GCC_WARN_UNDECLARED_SELECTOR = YES;
				GCC_WARN_UNINITIALIZED_AUTOS = YES_AGGRESSIVE;
				GCC_WARN_UNUSED_FUNCTION = YES;
				GCC_WARN_UNUSED_VARIABLE = YES;
				IPHONEOS_DEPLOYMENT_TARGET = 18.4;
				LOCALIZATION_PREFERS_STRING_CATALOGS = YES;
				MTL_ENABLE_DEBUG_INFO = INCLUDE_SOURCE;
				MTL_FAST_MATH = YES;
				ONLY_ACTIVE_ARCH = YES;
				SDKROOT = iphoneos;
				SWIFT_ACTIVE_COMPILATION_CONDITIONS = "DEBUG $(inherited)";
				SWIFT_OPTIMIZATION_LEVEL = "-Onone";
			};
			name = Debug;
		};
		C44B02F02DADAFB100AFF42B /* Release */ = {
			isa = XCBuildConfiguration;
			buildSettings = {
				ALWAYS_SEARCH_USER_PATHS = NO;
				ASSETCATALOG_COMPILER_GENERATE_SWIFT_ASSET_SYMBOL_EXTENSIONS = YES;
				CLANG_ANALYZER_NONNULL = YES;
				CLANG_ANALYZER_NUMBER_OBJECT_CONVERSION = YES_AGGRESSIVE;
				CLANG_CXX_LANGUAGE_STANDARD = "gnu++20";
				CLANG_ENABLE_MODULES = YES;
				CLANG_ENABLE_OBJC_ARC = YES;
				CLANG_ENABLE_OBJC_WEAK = YES;
				CLANG_WARN_BLOCK_CAPTURE_AUTORELEASING = YES;
				CLANG_WARN_BOOL_CONVERSION = YES;
				CLANG_WARN_COMMA = YES;
				CLANG_WARN_CONSTANT_CONVERSION = YES;
				CLANG_WARN_DEPRECATED_OBJC_IMPLEMENTATIONS = YES;
				CLANG_WARN_DIRECT_OBJC_ISA_USAGE = YES_ERROR;
				CLANG_WARN_DOCUMENTATION_COMMENTS = YES;
				CLANG_WARN_EMPTY_BODY = YES;
				CLANG_WARN_ENUM_CONVERSION = YES;
				CLANG_WARN_INFINITE_RECURSION = YES;
				CLANG_WARN_INT_CONVERSION = YES;
				CLANG_WARN_NON_LITERAL_NULL_CONVERSION = YES;
				CLANG_WARN_OBJC_IMPLICIT_RETAIN_SELF = YES;
				CLANG_WARN_OBJC_LITERAL_CONVERSION = YES;
				CLANG_WARN_OBJC_ROOT_CLASS = YES_ERROR;
				CLANG_WARN_QUOTED_INCLUDE_IN_FRAMEWORK_HEADER = YES;
				CLANG_WARN_RANGE_LOOP_ANALYSIS = YES;
				CLANG_WARN_STRICT_PROTOTYPES = YES;
				CLANG_WARN_SUSPICIOUS_MOVE = YES;
				CLANG_WARN_UNGUARDED_AVAILABILITY = YES_AGGRESSIVE;
				CLANG_WARN_UNREACHABLE_CODE = YES;
				CLANG_WARN__DUPLICATE_METHOD_MATCH = YES;
				COPY_PHASE_STRIP = NO;
				DEBUG_INFORMATION_FORMAT = "dwarf-with-dsym";
				DEVELOPMENT_TEAM = 9L4RA2CN39;
				ENABLE_NS_ASSERTIONS = NO;
				ENABLE_STRICT_OBJC_MSGSEND = YES;
				ENABLE_USER_SCRIPT_SANDBOXING = YES;
				GCC_C_LANGUAGE_STANDARD = gnu17;
				GCC_NO_COMMON_BLOCKS = YES;
				GCC_WARN_64_TO_32_BIT_CONVERSION = YES;
				GCC_WARN_ABOUT_RETURN_TYPE = YES_ERROR;
				GCC_WARN_UNDECLARED_SELECTOR = YES;
				GCC_WARN_UNINITIALIZED_AUTOS = YES_AGGRESSIVE;
				GCC_WARN_UNUSED_FUNCTION = YES;
				GCC_WARN_UNUSED_VARIABLE = YES;
				IPHONEOS_DEPLOYMENT_TARGET = 18.4;
				LOCALIZATION_PREFERS_STRING_CATALOGS = YES;
				MTL_ENABLE_DEBUG_INFO = NO;
				MTL_FAST_MATH = YES;
				SDKROOT = iphoneos;
				SWIFT_COMPILATION_MODE = wholemodule;
				VALIDATE_PRODUCT = YES;
			};
			name = Release;
		};
		C44B02F22DADAFB100AFF42B /* Debug */ = {
			isa = XCBuildConfiguration;
			buildSettings = {
				ASSETCATALOG_COMPILER_APPICON_NAME = AppIcon;
				ASSETCATALOG_COMPILER_GLOBAL_ACCENT_COLOR_NAME = AccentColor;
				CLANG_ENABLE_MODULES = YES;
				CODE_SIGN_STYLE = Automatic;
				CURRENT_PROJECT_VERSION = 1;
				DEVELOPMENT_TEAM = 9L4RA2CN39;
				ENABLE_PREVIEWS = YES;
				GENERATE_INFOPLIST_FILE = YES;
				INFOPLIST_FILE = Cove/Info.plist;
				INFOPLIST_KEY_UIApplicationSceneManifest_Generation = YES;
				INFOPLIST_KEY_UIApplicationSupportsIndirectInputEvents = YES;
				INFOPLIST_KEY_UILaunchScreen_Generation = YES;
				INFOPLIST_KEY_UISupportedInterfaceOrientations_iPad = "UIInterfaceOrientationPortrait UIInterfaceOrientationPortraitUpsideDown UIInterfaceOrientationLandscapeLeft UIInterfaceOrientationLandscapeRight";
				INFOPLIST_KEY_UISupportedInterfaceOrientations_iPhone = "UIInterfaceOrientationPortrait UIInterfaceOrientationLandscapeLeft UIInterfaceOrientationLandscapeRight";
				LD_RUNPATH_SEARCH_PATHS = (
					"$(inherited)",
					"@executable_path/Frameworks",
				);
				MARKETING_VERSION = 1.0;
				PRODUCT_BUNDLE_IDENTIFIER = co.cs194W.Cove;
				PRODUCT_NAME = "$(TARGET_NAME)";
				SWIFT_EMIT_LOC_STRINGS = YES;
				SWIFT_OPTIMIZATION_LEVEL = "-Onone";
				SWIFT_VERSION = 5.0;
				TARGETED_DEVICE_FAMILY = "1,2";
			};
			name = Debug;
		};
		C44B02F32DADAFB100AFF42B /* Release */ = {
			isa = XCBuildConfiguration;
			buildSettings = {
				ASSETCATALOG_COMPILER_APPICON_NAME = AppIcon;
				ASSETCATALOG_COMPILER_GLOBAL_ACCENT_COLOR_NAME = AccentColor;
				CLANG_ENABLE_MODULES = YES;
				CODE_SIGN_STYLE = Automatic;
				CURRENT_PROJECT_VERSION = 1;
				DEVELOPMENT_TEAM = 9L4RA2CN39;
				ENABLE_PREVIEWS = YES;
				GENERATE_INFOPLIST_FILE = YES;
				INFOPLIST_FILE = Cove/Info.plist;
				INFOPLIST_KEY_UIApplicationSceneManifest_Generation = YES;
				INFOPLIST_KEY_UIApplicationSupportsIndirectInputEvents = YES;
				INFOPLIST_KEY_UILaunchScreen_Generation = YES;
				INFOPLIST_KEY_UISupportedInterfaceOrientations_iPad = "UIInterfaceOrientationPortrait UIInterfaceOrientationPortraitUpsideDown UIInterfaceOrientationLandscapeLeft UIInterfaceOrientationLandscapeRight";
				INFOPLIST_KEY_UISupportedInterfaceOrientations_iPhone = "UIInterfaceOrientationPortrait UIInterfaceOrientationLandscapeLeft UIInterfaceOrientationLandscapeRight";
				LD_RUNPATH_SEARCH_PATHS = (
					"$(inherited)",
					"@executable_path/Frameworks",
				);
				MARKETING_VERSION = 1.0;
				PRODUCT_BUNDLE_IDENTIFIER = co.cs194W.Cove;
				PRODUCT_NAME = "$(TARGET_NAME)";
				SWIFT_EMIT_LOC_STRINGS = YES;
				SWIFT_VERSION = 5.0;
				TARGETED_DEVICE_FAMILY = "1,2";
			};
			name = Release;
		};
/* End XCBuildConfiguration section */

/* Begin XCConfigurationList section */
		C44B02E12DADAFAF00AFF42B /* Build configuration list for PBXProject "Cove" */ = {
			isa = XCConfigurationList;
			buildConfigurations = (
				C44B02EF2DADAFB100AFF42B /* Debug */,
				C44B02F02DADAFB100AFF42B /* Release */,
			);
			defaultConfigurationIsVisible = 0;
			defaultConfigurationName = Release;
		};
		C44B02F12DADAFB100AFF42B /* Build configuration list for PBXNativeTarget "Cove" */ = {
			isa = XCConfigurationList;
			buildConfigurations = (
				C44B02F22DADAFB100AFF42B /* Debug */,
				C44B02F32DADAFB100AFF42B /* Release */,
			);
			defaultConfigurationIsVisible = 0;
			defaultConfigurationName = Release;
		};
/* End XCConfigurationList section */
	};
	rootObject = C44B02DE2DADAFAF00AFF42B /* Project object */;
}
